Microsoft Visual Studio Solution File, Format Version 11.00
# Visual Studio 2008

Project("{84BB756E-1EC2-19EB-74F4-4AA2FF545052}") = "Self Driving Car", "Assembly-CSharp-firstpass.csproj", "{775103D1-A7D4-3359-F379-5370C137C2E7}"
EndProject
Project("{84BB756E-1EC2-19EB-74F4-4AA2FF545052}") = "Self Driving Car", "Assembly-CSharp.csproj", "{A29D7CEB-F35F-078C-9DB7-0DAE6BF4F4F4}"
EndProject
Project("{84BB756E-1EC2-19EB-74F4-4AA2FF545052}") = "Self Driving Car", "Assembly-CSharp-Editor.csproj", "{045529B9-0BE7-CB2A-1626-21746B049555}"
EndProject
Global
	GlobalSection(SolutionConfigurationPlatforms) = preSolution
		Debug|Any CPU = Debug|Any CPU
		Release|Any CPU = Release|Any CPU
	EndGlobalSection
	GlobalSection(ProjectConfigurationPlatforms) = postSolution
		{775103D1-A7D4-3359-F379-5370C137C2E7}.Debug|Any CPU.ActiveCfg = Debug|Any CPU
		{775103D1-A7D4-3359-F379-5370C137C2E7}.Debug|Any CPU.Build.0 = Debug|Any CPU
		{775103D1-A7D4-3359-F379-5370C137C2E7}.Release|Any CPU.ActiveCfg = Release|Any CPU
		{775103D1-A7D4-3359-F379-5370C137C2E7}.Release|Any CPU.Build.0 = Release|Any CPU
		{A29D7CEB-F35F-078C-9DB7-0DAE6BF4F4F4}.Debug|Any CPU.ActiveCfg = Debug|Any CPU
		{A29D7CEB-F35F-078C-9DB7-0DAE6BF4F4F4}.Debug|Any CPU.Build.0 = Debug|Any CPU
		{A29D7CEB-F35F-078C-9DB7-0DAE6BF4F4F4}.Release|Any CPU.ActiveCfg = Release|Any CPU
		{A29D7CEB-F35F-078C-9DB7-0DAE6BF4F4F4}.Release|Any CPU.Build.0 = Release|Any CPU
		{045529B9-0BE7-CB2A-1626-21746B049555}.Debug|Any CPU.ActiveCfg = Debug|Any CPU
		{045529B9-0BE7-CB2A-1626-21746B049555}.Debug|Any CPU.Build.0 = Debug|Any CPU
		{045529B9-0BE7-CB2A-1626-21746B049555}.Release|Any CPU.ActiveCfg = Release|Any CPU
		{045529B9-0BE7-CB2A-1626-21746B049555}.Release|Any CPU.Build.0 = Release|Any CPU
	EndGlobalSection
	GlobalSection(SolutionProperties) = preSolution
		HideSolutionNode = FALSE
	EndGlobalSection
																																													GlobalSection(MonoDevelopProperties) = preSolution
		StartupItem = Assembly-CSharp.csproj
		Policies = $0
		$0.TextStylePolicy = $1
		$1.inheritsSet = null
		$1.scope = text/x-csharp
		$0.CSharpFormattingPolicy = $2
		$2.inheritsSet = Mono
		$2.inheritsScope = text/x-csharp
		$2.scope = text/x-csharp
		$0.TextStylePolicy = $3
		$3.FileWidth = 120
		$3.TabWidth = 4
		$3.IndentWidth = 4
		$3.EolMarker = Unix
		$3.inheritsSet = Mono
		$3.inheritsScope = text/plain
		$3.scope = text/plain
	EndGlobalSection

EndGlobal
